
Microsoft Visual Studio Solution File, Format Version 12.00
# Visual Studio 15
VisualStudioVersion = 15.0.28307.106
MinimumVisualStudioVersion = 10.0.40219.1
Project("{FAE04EC0-301F-11D3-BF4B-00C04F79EFBC}") = "BlackJack", "CasinoBlackJack\BlackJack.csproj", "{7A0E484F-2560-42EE-9B9E-CD526D212162}"
EndProject
Project("{FAE04EC0-301F-11D3-BF4B-00C04F79EFBC}") = "Casino", "Casino\Casino.csproj", "{48AED14A-964E-4F4B-A266-C9B18CD7CF24}"
EndProject
Global
	GlobalSection(SolutionConfigurationPlatforms) = preSolution
		Debug|Any CPU = Debug|Any CPU
		Release|Any CPU = Release|Any CPU
	EndGlobalSection
	GlobalSection(ProjectConfigurationPlatforms) = postSolution
		{7A0E484F-2560-42EE-9B9E-CD526D212162}.Debug|Any CPU.ActiveCfg = Debug|Any CPU
		{7A0E484F-2560-42EE-9B9E-CD526D212162}.Debug|Any CPU.Build.0 = Debug|Any CPU
		{7A0E484F-2560-42EE-9B9E-CD526D212162}.Release|Any CPU.ActiveCfg = Release|Any CPU
		{7A0E484F-2560-42EE-9B9E-CD526D212162}.Release|Any CPU.Build.0 = Release|Any CPU
		{48AED14A-964E-4F4B-A266-C9B18CD7CF24}.Debug|Any CPU.ActiveCfg = Debug|Any CPU
		{48AED14A-964E-4F4B-A266-C9B18CD7CF24}.Debug|Any CPU.Build.0 = Debug|Any CPU
		{48AED14A-964E-4F4B-A266-C9B18CD7CF24}.Release|Any CPU.ActiveCfg = Release|Any CPU
		{48AED14A-964E-4F4B-A266-C9B18CD7CF24}.Release|Any CPU.Build.0 = Release|Any CPU
	EndGlobalSection
	GlobalSection(SolutionProperties) = preSolution
		HideSolutionNode = FALSE
	EndGlobalSection
	GlobalSection(ExtensibilityGlobals) = postSolution
		SolutionGuid = {C9E61B21-AD4C-4EF7-AA29-CF196B9E64A4}
	EndGlobalSection
EndGlobal
